// !$*UTF8*$!
{
	archiveVersion = 1;
	classes = {};
	objectVersion = 60;
	objects = {
        B9D77ACD433846E1AAF05101 = { isa = PBXFileReference; lastKnownFileType = sourcecode.swift; path = "Tests/UI/ApplicationAssociationUITests.swift"; sourceTree = SOURCE_ROOT; };
        B9D77ACD433846E1AAF05102 = { isa = PBXBuildFile; fileRef = B9D77ACD433846E1AAF05101; };
        6F6DD6B84712D586E4EFA6A1 = { isa = PBXFileReference; lastKnownFileType = sourcecode.swift; path = Features/Records/ApplicationAssociationView.swift; sourceTree = "<group>"; };
        3466C18FE9C7826433E07E32 = { isa = PBXBuildFile; fileRef = 6F6DD6B84712D586E4EFA6A1; };
		E8C799B134A84363A5411021 = { isa = PBXFileReference; lastKnownFileType = sourcecode.swift; path = "Tests/UI/RetentionRuleUITests.swift"; sourceTree = SOURCE_ROOT; };
		E8C799B134A84363A5411022 = { isa = PBXBuildFile; fileRef = E8C799B134A84363A5411021; };
        ACACACACACACACACACACAC01 = { isa = XCLocalSwiftPackageReference; relativePath = Packages/ResiduePreferences; };
        ACACACACACACACACACACAC02 = { isa = XCSwiftPackageProductDependency; package = ACACACACACACACACACACAC01; productName = ResiduePreferences; };
        ACACACACACACACACACACAC03 = { isa = PBXBuildFile; productRef = ACACACACACACACACACACAC02; };
		325C136AFD26841E7F398FAA = { isa = PBXFileReference; lastKnownFileType = sourcecode.swift; path = "Features/Retention/RetentionRulesView.swift"; sourceTree = SOURCE_ROOT; };
		D5F299A378C19488FB6F32BC = { isa = PBXBuildFile; fileRef = 325C136AFD26841E7F398FAA; };
		496CF9E94656CA0681C227FF = { isa = PBXFileReference; lastKnownFileType = sourcecode.swift; path = "Features/Retention/RetentionStore.swift"; sourceTree = SOURCE_ROOT; };
		784172DBAE55AF7BCD9D6EBA = { isa = PBXBuildFile; fileRef = 496CF9E94656CA0681C227FF; };
        ABABABABABABABABABABAB01 = { isa = XCLocalSwiftPackageReference; relativePath = Packages/ResidueAuditImport; };
        ABABABABABABABABABABAB02 = { isa = XCSwiftPackageProductDependency; package = ABABABABABABABABABABAB01; productName = ResidueAuditImport; };
        ABABABABABABABABABABAB03 = { isa = PBXBuildFile; productRef = ABABABABABABABABABABAB02; };
		B3945EE45920A30B45C0FFB6 = { isa = PBXFileReference; lastKnownFileType = sourcecode.swift; path = "Features/History/HistoryReportStore.swift"; sourceTree = SOURCE_ROOT; };
		458036E872E7C1F2A43C7BC9 = { isa = PBXBuildFile; fileRef = B3945EE45920A30B45C0FFB6; };
		72D70387598A14972AAB27D5 = { isa = PBXFileReference; lastKnownFileType = sourcecode.swift; path = "Features/History/HistoryReportView.swift"; sourceTree = SOURCE_ROOT; };
		505418D6A096A515C5D558E8 = { isa = PBXBuildFile; fileRef = 72D70387598A14972AAB27D5; };
		5E9C0BE68905FD62961EC74C = { isa = PBXFileReference; lastKnownFileType = sourcecode.swift; path = "Tests/UI/HistoryReportUITests.swift"; sourceTree = SOURCE_ROOT; };
		745E21F78FD2C38939728203 = { isa = PBXBuildFile; fileRef = 5E9C0BE68905FD62961EC74C; };
		BA9E0FC45C05C055CCCDA8CF = { isa = XCLocalSwiftPackageReference; relativePath = Packages/ResidueRecovery; };
		8BCE82DD8CEDB9EFCA1A5DA3 = { isa = XCSwiftPackageProductDependency; package = BA9E0FC45C05C055CCCDA8CF; productName = ResidueRecovery; };
		E5C61485A43759D3937D817D = { isa = PBXBuildFile; productRef = 8BCE82DD8CEDB9EFCA1A5DA3; };
        AAAAAAAAAAAAAAAAAAAAAA01 = { isa = XCLocalSwiftPackageReference; relativePath = Packages/ResiduePlatform; };
        AAAAAAAAAAAAAAAAAAAAAA02 = { isa = XCSwiftPackageProductDependency; package = AAAAAAAAAAAAAAAAAAAAAA01; productName = ResiduePlatform; };
        AAAAAAAAAAAAAAAAAAAAAA03 = { isa = PBXBuildFile; productRef = AAAAAAAAAAAAAAAAAAAAAA02; };
		D11A07534EF4D991EB9CB00C = { isa = PBXFileReference; lastKnownFileType = sourcecode.swift; path = "Features/Scanning/ScannerComposition.swift"; sourceTree = SOURCE_ROOT; };
		A29001D37251749151819C24 = { isa = PBXBuildFile; fileRef = D11A07534EF4D991EB9CB00C; };
		DC9CDB9EFF0147A74B2E90BA = { isa = PBXFileReference; lastKnownFileType = sourcecode.swift; path = "Features/Scanning/ScanControlsView.swift"; sourceTree = SOURCE_ROOT; };
		72A3835455122E9BB96BF8E0 = { isa = PBXBuildFile; fileRef = DC9CDB9EFF0147A74B2E90BA; };
		7C2566050DF0225C2D94FCA1 = { isa = PBXFileReference; lastKnownFileType = sourcecode.swift; path = "Features/Scanning/ScanAccess.swift"; sourceTree = SOURCE_ROOT; };
		99448B50F9A99975B88115B5 = { isa = PBXBuildFile; fileRef = 7C2566050DF0225C2D94FCA1; };
		06D278604832154DD6D060C5 = { isa = PBXFileReference; lastKnownFileType = sourcecode.swift; path = "Features/Records/WorkspaceRecord.swift"; sourceTree = SOURCE_ROOT; };
		0A95A4B7EA68C8D6EAE73AB1 = { isa = PBXBuildFile; fileRef = 06D278604832154DD6D060C5; };
		92525078226E10BB91048FCD = { isa = PBXFileReference; lastKnownFileType = sourcecode.swift; path = "App/ResidueGuardApp.swift"; sourceTree = SOURCE_ROOT; };
		C566A5177999CEF970061B41 = { isa = PBXBuildFile; fileRef = 92525078226E10BB91048FCD; };
		7515F7B599D71729389C22B1 = { isa = PBXFileReference; lastKnownFileType = sourcecode.swift; path = "Features/CleanupReview/CleanupReviewView.swift"; sourceTree = SOURCE_ROOT; };
		1ECB62185A5BC61C783D5563 = { isa = PBXBuildFile; fileRef = 7515F7B599D71729389C22B1; };
		10923FDA692149362496D6CE = { isa = PBXFileReference; lastKnownFileType = sourcecode.swift; path = "Features/Overview/OverviewView.swift"; sourceTree = SOURCE_ROOT; };
		2234D2173FBE4185DF70447A = { isa = PBXBuildFile; fileRef = 10923FDA692149362496D6CE; };
		203ED3C829DC81F90A8DA8A3 = { isa = PBXFileReference; lastKnownFileType = sourcecode.swift; path = "Features/Permissions/PermissionGuidanceView.swift"; sourceTree = SOURCE_ROOT; };
		24AB033A0F88D9EEB1C6F4AA = { isa = PBXBuildFile; fileRef = 203ED3C829DC81F90A8DA8A3; };
		6DA67BAEB9BA8BC845876EF6 = { isa = PBXFileReference; lastKnownFileType = sourcecode.swift; path = "Features/Records/RecordInspector.swift"; sourceTree = SOURCE_ROOT; };
		C0FA871FF25D851B921351ED = { isa = PBXBuildFile; fileRef = 6DA67BAEB9BA8BC845876EF6; };
		D13761B1A5ABE03C98056CF6 = { isa = PBXFileReference; lastKnownFileType = sourcecode.swift; path = "Features/Records/RecordsView.swift"; sourceTree = SOURCE_ROOT; };
		3FBF0402BABFE7FC070AF2C6 = { isa = PBXBuildFile; fileRef = D13761B1A5ABE03C98056CF6; };
		01409F201CC48CF2C3BE2D7F = { isa = PBXFileReference; lastKnownFileType = sourcecode.swift; path = "Features/Settings/SettingsView.swift"; sourceTree = SOURCE_ROOT; };
		549C5348A3AF1D4EE763C693 = { isa = PBXBuildFile; fileRef = 01409F201CC48CF2C3BE2D7F; };
		787A860E7598BA4EDB766FCD = { isa = PBXFileReference; lastKnownFileType = sourcecode.swift; path = "Features/Workspace/WorkspacePage.swift"; sourceTree = SOURCE_ROOT; };
		CF056F90D7A9033B81874399 = { isa = PBXBuildFile; fileRef = 787A860E7598BA4EDB766FCD; };
		B07A6637E276F74826135A00 = { isa = PBXFileReference; lastKnownFileType = sourcecode.swift; path = "Features/Workspace/WorkspaceStore.swift"; sourceTree = SOURCE_ROOT; };
		53903AA0B3FF4AD7930747B2 = { isa = PBXBuildFile; fileRef = B07A6637E276F74826135A00; };
		7EE1A3D34DA96B1FE05BED97 = { isa = PBXFileReference; lastKnownFileType = sourcecode.swift; path = "Features/Workspace/WorkspaceView.swift"; sourceTree = SOURCE_ROOT; };
		1BF96480247E1E0AC480F312 = { isa = PBXBuildFile; fileRef = 7EE1A3D34DA96B1FE05BED97; };
		4F9503D94C2A9AAA0D4803FF = { isa = PBXFileReference; lastKnownFileType = sourcecode.swift; path = "Platform/Demo/DemoRecord.swift"; sourceTree = SOURCE_ROOT; };
		2CA5AC21D66593DF868F0BDC = { isa = PBXBuildFile; fileRef = 4F9503D94C2A9AAA0D4803FF; };
		35B16861BBCB59D0D228C68A = { isa = PBXFileReference; lastKnownFileType = sourcecode.swift; path = "Tests/UI/ResidueGuardUITests.swift"; sourceTree = SOURCE_ROOT; };
		A362B1B5B023473FE55DF5EF = { isa = PBXBuildFile; fileRef = 35B16861BBCB59D0D228C68A; };
		317E0AF8E4189F001AE7D93F = { isa = PBXFileReference; lastKnownFileType = text.json; path = "Resources/demo-records.json"; sourceTree = SOURCE_ROOT; };
		B5926CC36B401B27566C3C67 = { isa = PBXBuildFile; fileRef = 317E0AF8E4189F001AE7D93F; };
		8BCD5BC4CDFDF0918087C782 = { isa = PBXFileReference; explicitFileType = wrapper.application; path = ResidueGuard.app; sourceTree = BUILT_PRODUCTS_DIR; };
		F219C0274590DA45E4BEF1EA = { isa = PBXFileReference; explicitFileType = wrapper.cfbundle; path = ResidueGuardUITests.xctest; sourceTree = BUILT_PRODUCTS_DIR; };
		FBDC4F23F93125BBEEAE800C = { isa = PBXGroup; children = (8BCD5BC4CDFDF0918087C782, F219C0274590DA45E4BEF1EA); name = Products; sourceTree = "<group>"; };
		B28B7AF69320201D1CF206EB = { isa = PBXGroup; children = (B9D77ACD433846E1AAF05101, 6F6DD6B84712D586E4EFA6A1, E8C799B134A84363A5411021, 325C136AFD26841E7F398FAA, 496CF9E94656CA0681C227FF, B3945EE45920A30B45C0FFB6, 72D70387598A14972AAB27D5, 5E9C0BE68905FD62961EC74C, 06D278604832154DD6D060C5, 7C2566050DF0225C2D94FCA1, DC9CDB9EFF0147A74B2E90BA, D11A07534EF4D991EB9CB00C, 92525078226E10BB91048FCD, 7515F7B599D71729389C22B1, 10923FDA692149362496D6CE, 203ED3C829DC81F90A8DA8A3, 6DA67BAEB9BA8BC845876EF6, D13761B1A5ABE03C98056CF6, 01409F201CC48CF2C3BE2D7F, 787A860E7598BA4EDB766FCD, B07A6637E276F74826135A00, 7EE1A3D34DA96B1FE05BED97, 4F9503D94C2A9AAA0D4803FF, 35B16861BBCB59D0D228C68A, 317E0AF8E4189F001AE7D93F, FBDC4F23F93125BBEEAE800C); sourceTree = "<group>"; };
		582681C2EAE02B3F3D399C0C = { isa = XCLocalSwiftPackageReference; relativePath = Packages/ResidueCore; };
		D069509556BFAFFC25586CC3 = { isa = XCSwiftPackageProductDependency; package = 582681C2EAE02B3F3D399C0C; productName = ResidueCore; };
		ABFE60E429B642B2B45ADF15 = { isa = PBXBuildFile; productRef = D069509556BFAFFC25586CC3; };
		971ED9D05B25DB6C4D7680D4 = { isa = PBXSourcesBuildPhase; buildActionMask = 2147483647; files = (3466C18FE9C7826433E07E32, D5F299A378C19488FB6F32BC, 784172DBAE55AF7BCD9D6EBA, 458036E872E7C1F2A43C7BC9, 505418D6A096A515C5D558E8, 0A95A4B7EA68C8D6EAE73AB1, 99448B50F9A99975B88115B5, 72A3835455122E9BB96BF8E0, A29001D37251749151819C24, C566A5177999CEF970061B41, 1ECB62185A5BC61C783D5563, 2234D2173FBE4185DF70447A, 24AB033A0F88D9EEB1C6F4AA, C0FA871FF25D851B921351ED, 3FBF0402BABFE7FC070AF2C6, 549C5348A3AF1D4EE763C693, CF056F90D7A9033B81874399, 53903AA0B3FF4AD7930747B2, 1BF96480247E1E0AC480F312, 2CA5AC21D66593DF868F0BDC); runOnlyForDeploymentPostprocessing = 0; };
		6E431EB0650617AA1756B320 = { isa = PBXSourcesBuildPhase; buildActionMask = 2147483647; files = (B9D77ACD433846E1AAF05102, E8C799B134A84363A5411022, 745E21F78FD2C38939728203, A362B1B5B023473FE55DF5EF); runOnlyForDeploymentPostprocessing = 0; };
		0189424A5A60FED329FA868E = { isa = PBXResourcesBuildPhase; buildActionMask = 2147483647; files = (B5926CC36B401B27566C3C67); runOnlyForDeploymentPostprocessing = 0; };
		7561BFB015D8F536760CB671 = { isa = PBXFrameworksBuildPhase; buildActionMask = 2147483647; files = (ACACACACACACACACACACAC03, ABABABABABABABABABABAB03, E5C61485A43759D3937D817D, ABFE60E429B642B2B45ADF15, AAAAAAAAAAAAAAAAAAAAAA03); runOnlyForDeploymentPostprocessing = 0; };
		1ABF84E55BD30AC2CEF8FC42 = { isa = PBXFrameworksBuildPhase; buildActionMask = 2147483647; files = (); runOnlyForDeploymentPostprocessing = 0; };
		D799BAE6088A90139B415FCC = { isa = PBXContainerItemProxy; containerPortal = 98F54143AB4E86B28C3AFEE0; proxyType = 1; remoteGlobalIDString = C13732C8E715C9BEE4FA51C9; remoteInfo = ResidueGuard; };
		DE58E2B17C19600779694943 = { isa = PBXTargetDependency; target = C13732C8E715C9BEE4FA51C9; targetProxy = D799BAE6088A90139B415FCC; };
		C13732C8E715C9BEE4FA51C9 = { isa = PBXNativeTarget; buildConfigurationList = 8A8642C6B28662881237D956; buildPhases = (971ED9D05B25DB6C4D7680D4, 7561BFB015D8F536760CB671, 0189424A5A60FED329FA868E); buildRules = (); dependencies = (); name = ResidueGuard; packageProductDependencies = (ACACACACACACACACACACAC02, ABABABABABABABABABABAB02, 8BCE82DD8CEDB9EFCA1A5DA3, D069509556BFAFFC25586CC3, AAAAAAAAAAAAAAAAAAAAAA02); productName = ResidueGuard; productReference = 8BCD5BC4CDFDF0918087C782; productType = "com.apple.product-type.application"; };
		64BCB755386F844C96A2A5B0 = { isa = PBXNativeTarget; buildConfigurationList = 72C322F0960ECAD6090B486F; buildPhases = (6E431EB0650617AA1756B320, 1ABF84E55BD30AC2CEF8FC42); buildRules = (); dependencies = (DE58E2B17C19600779694943); name = ResidueGuardUITests; productName = ResidueGuardUITests; productReference = F219C0274590DA45E4BEF1EA; productType = "com.apple.product-type.bundle.ui-testing"; };
		89E1FD6268CC0F221A2BE178 = { isa = XCBuildConfiguration; buildSettings = { MACOSX_DEPLOYMENT_TARGET = 14.0; SDKROOT = macosx; SWIFT_VERSION = 6.0; CLANG_ENABLE_MODULES = YES; SWIFT_OPTIMIZATION_LEVEL = "-Onone"; SWIFT_ACTIVE_COMPILATION_CONDITIONS = DEBUG; ONLY_ACTIVE_ARCH = YES; DEBUG_INFORMATION_FORMAT = dwarf; }; name = Debug; };
		E6DE6C99132752C914FEF632 = { isa = XCBuildConfiguration; buildSettings = { MACOSX_DEPLOYMENT_TARGET = 14.0; SDKROOT = macosx; SWIFT_VERSION = 6.0; CLANG_ENABLE_MODULES = YES; SWIFT_OPTIMIZATION_LEVEL = "-O"; DEBUG_INFORMATION_FORMAT = "dwarf-with-dsym"; }; name = Release; };
		49EA05A46B1A86EA7E413B43 = { isa = XCConfigurationList; buildConfigurations = (89E1FD6268CC0F221A2BE178, E6DE6C99132752C914FEF632); defaultConfigurationIsVisible = 0; defaultConfigurationName = Release; };
		E9B2E96ABC5F6856F2BE79CF = { isa = XCBuildConfiguration; buildSettings = { MACOSX_DEPLOYMENT_TARGET = 14.0; SDKROOT = macosx; SWIFT_VERSION = 6.0; CLANG_ENABLE_MODULES = YES; SWIFT_OPTIMIZATION_LEVEL = "-Onone"; SWIFT_ACTIVE_COMPILATION_CONDITIONS = DEBUG; ONLY_ACTIVE_ARCH = YES; DEBUG_INFORMATION_FORMAT = dwarf; PRODUCT_BUNDLE_IDENTIFIER = com.residueguard.app; PRODUCT_NAME = "$(TARGET_NAME)"; GENERATE_INFOPLIST_FILE = YES; INFOPLIST_KEY_CFBundleDisplayName = "macOS 残留管家"; INFOPLIST_KEY_LSApplicationCategoryType = "public.app-category.utilities"; INFOPLIST_KEY_NSPrincipalClass = NSApplication; CURRENT_PROJECT_VERSION = 1; MARKETING_VERSION = 0.1.0; CODE_SIGN_STYLE = Automatic; ENABLE_HARDENED_RUNTIME = YES; ENABLE_APP_SANDBOX = YES; ENABLE_USER_SELECTED_FILES = readonly; COMBINE_HIDPI_IMAGES = YES; SWIFT_EMIT_LOC_STRINGS = YES; }; name = Debug; };
		5A8C91857F674E16E2724F47 = { isa = XCBuildConfiguration; buildSettings = { MACOSX_DEPLOYMENT_TARGET = 14.0; SDKROOT = macosx; SWIFT_VERSION = 6.0; CLANG_ENABLE_MODULES = YES; SWIFT_OPTIMIZATION_LEVEL = "-O"; DEBUG_INFORMATION_FORMAT = "dwarf-with-dsym"; PRODUCT_BUNDLE_IDENTIFIER = com.residueguard.app; PRODUCT_NAME = "$(TARGET_NAME)"; GENERATE_INFOPLIST_FILE = YES; INFOPLIST_KEY_CFBundleDisplayName = "macOS 残留管家"; INFOPLIST_KEY_LSApplicationCategoryType = "public.app-category.utilities"; INFOPLIST_KEY_NSPrincipalClass = NSApplication; CURRENT_PROJECT_VERSION = 1; MARKETING_VERSION = 0.1.0; CODE_SIGN_STYLE = Automatic; CODE_SIGN_INJECT_BASE_ENTITLEMENTS = NO; CODE_SIGN_ENTITLEMENTS = App/ResidueGuardRelease.entitlements; ENABLE_HARDENED_RUNTIME = YES; ENABLE_APP_SANDBOX = YES; ENABLE_USER_SELECTED_FILES = readonly; COMBINE_HIDPI_IMAGES = YES; SWIFT_EMIT_LOC_STRINGS = YES; }; name = Release; };
		8A8642C6B28662881237D956 = { isa = XCConfigurationList; buildConfigurations = (E9B2E96ABC5F6856F2BE79CF, 5A8C91857F674E16E2724F47); defaultConfigurationIsVisible = 0; defaultConfigurationName = Release; };
		FCB48D8F88BCDB0ED9FADFD7 = { isa = XCBuildConfiguration; buildSettings = { MACOSX_DEPLOYMENT_TARGET = 14.0; SDKROOT = macosx; SWIFT_VERSION = 6.0; CLANG_ENABLE_MODULES = YES; SWIFT_OPTIMIZATION_LEVEL = "-Onone"; SWIFT_ACTIVE_COMPILATION_CONDITIONS = DEBUG; ONLY_ACTIVE_ARCH = YES; DEBUG_INFORMATION_FORMAT = dwarf; PRODUCT_BUNDLE_IDENTIFIER = com.residueguard.app.uitests; PRODUCT_NAME = "$(TARGET_NAME)"; GENERATE_INFOPLIST_FILE = YES; TEST_TARGET_NAME = ResidueGuard; CODE_SIGN_STYLE = Automatic; }; name = Debug; };
		942EEBBACD6C88CAE7F29B29 = { isa = XCBuildConfiguration; buildSettings = { MACOSX_DEPLOYMENT_TARGET = 14.0; SDKROOT = macosx; SWIFT_VERSION = 6.0; CLANG_ENABLE_MODULES = YES; SWIFT_OPTIMIZATION_LEVEL = "-O"; DEBUG_INFORMATION_FORMAT = "dwarf-with-dsym"; PRODUCT_BUNDLE_IDENTIFIER = com.residueguard.app.uitests; PRODUCT_NAME = "$(TARGET_NAME)"; GENERATE_INFOPLIST_FILE = YES; TEST_TARGET_NAME = ResidueGuard; CODE_SIGN_STYLE = Automatic; }; name = Release; };
		72C322F0960ECAD6090B486F = { isa = XCConfigurationList; buildConfigurations = (FCB48D8F88BCDB0ED9FADFD7, 942EEBBACD6C88CAE7F29B29); defaultConfigurationIsVisible = 0; defaultConfigurationName = Release; };
		98F54143AB4E86B28C3AFEE0 = { isa = PBXProject; attributes = { BuildIndependentTargetsInParallel = YES; LastSwiftUpdateCheck = 2700; LastUpgradeCheck = 2700; TargetAttributes = { C13732C8E715C9BEE4FA51C9 = { CreatedOnToolsVersion = 27.0; }; 64BCB755386F844C96A2A5B0 = { CreatedOnToolsVersion = 27.0; TestTargetID = C13732C8E715C9BEE4FA51C9; }; }; }; buildConfigurationList = 49EA05A46B1A86EA7E413B43; compatibilityVersion = "Xcode 15.0"; developmentRegion = "zh-Hans"; hasScannedForEncodings = 0; knownRegions = ("zh-Hans", en, Base); mainGroup = B28B7AF69320201D1CF206EB; packageReferences = (ACACACACACACACACACACAC01, ABABABABABABABABABABAB01, BA9E0FC45C05C055CCCDA8CF, 582681C2EAE02B3F3D399C0C, AAAAAAAAAAAAAAAAAAAAAA01); productRefGroup = FBDC4F23F93125BBEEAE800C; projectDirPath = ""; projectRoot = ""; targets = (C13732C8E715C9BEE4FA51C9, 64BCB755386F844C96A2A5B0); };
	};
	rootObject = 98F54143AB4E86B28C3AFEE0;
}
